// !$*UTF8*$!
{
	archiveVersion = 1;
	classes = {
	};
	objectVersion = 55;
	objects = {

/* Begin PBXBuildFile section */
		A900EBD327F8B4AF007EC123 /* resorts.json in Resources */ = {isa = PBXBuildFile; fileRef = A900EBD227F8B4AF007EC123 /* resorts.json */; };
		A900EBD527F8B58F007EC123 /* Resort.swift in Sources */ = {isa = PBXBuildFile; fileRef = A900EBD427F8B58F007EC123 /* Resort.swift */; };
		A900EBD727F8B691007EC123 /* Bundle-Decodable.swift in Sources */ = {isa = PBXBuildFile; fileRef = A900EBD627F8B691007EC123 /* Bundle-Decodable.swift */; };
		A900EBDB27F8C03D007EC123 /* WelcomeView.swift in Sources */ = {isa = PBXBuildFile; fileRef = A900EBDA27F8C03D007EC123 /* WelcomeView.swift */; };
		A900EBDD27F8C313007EC123 /* ResortView.swift in Sources */ = {isa = PBXBuildFile; fileRef = A900EBDC27F8C313007EC123 /* ResortView.swift */; };
		A900EBDF27F8C524007EC123 /* SkuDetailView.swift in Sources */ = {isa = PBXBuildFile; fileRef = A900EBDE27F8C524007EC123 /* SkuDetailView.swift */; };
		A900EBE127F8C6EE007EC123 /* ResortDetailsView.swift in Sources */ = {isa = PBXBuildFile; fileRef = A900EBE027F8C6EE007EC123 /* ResortDetailsView.swift */; };
		A92F1EDB27FA0F1C009AE811 /* Facility.swift in Sources */ = {isa = PBXBuildFile; fileRef = A92F1EDA27FA0F1C009AE811 /* Facility.swift */; };
		A92F1EDD27FA141D009AE811 /* Favorites.swift in Sources */ = {isa = PBXBuildFile; fileRef = A92F1EDC27FA141D009AE811 /* Favorites.swift */; };
		A9853EAA27F6E6FD00EFBFDE /* SnowSeekerApp.swift in Sources */ = {isa = PBXBuildFile; fileRef = A9853EA927F6E6FD00EFBFDE /* SnowSeekerApp.swift */; };
		A9853EAC27F6E6FD00EFBFDE /* ContentView.swift in Sources */ = {isa = PBXBuildFile; fileRef = A9853EAB27F6E6FD00EFBFDE /* ContentView.swift */; };
		A9853EAE27F6E6FE00EFBFDE /* Assets.xcassets in Resources */ = {isa = PBXBuildFile; fileRef = A9853EAD27F6E6FE00EFBFDE /* Assets.xcassets */; };
		A9853EB127F6E6FE00EFBFDE /* Preview Assets.xcassets in Resources */ = {isa = PBXBuildFile; fileRef = A9853EB027F6E6FE00EFBFDE /* Preview Assets.xcassets */; };
/* End PBXBuildFile section */

/* Begin PBXFileReference section */
		A900EBD227F8B4AF007EC123 /* resorts.json */ = {isa = PBXFileReference; fileEncoding = 4; lastKnownFileType = text.json; path = resorts.json; sourceTree = "<group>"; };
		A900EBD427F8B58F007EC123 /* Resort.swift */ = {isa = PBXFileReference; lastKnownFileType = sourcecode.swift; path = Resort.swift; sourceTree = "<group>"; };
		A900EBD627F8B691007EC123 /* Bundle-Decodable.swift */ = {isa = PBXFileReference; lastKnownFileType = sourcecode.swift; path = "Bundle-Decodable.swift"; sourceTree = "<group>"; };
		A900EBDA27F8C03D007EC123 /* WelcomeView.swift */ = {isa = PBXFileReference; lastKnownFileType = sourcecode.swift; path = WelcomeView.swift; sourceTree = "<group>"; };
		A900EBDC27F8C313007EC123 /* ResortView.swift */ = {isa = PBXFileReference; lastKnownFileType = sourcecode.swift; path = ResortView.swift; sourceTree = "<group>"; };
		A900EBDE27F8C524007EC123 /* SkuDetailView.swift */ = {isa = PBXFileReference; lastKnownFileType = sourcecode.swift; path = SkuDetailView.swift; sourceTree = "<group>"; };
		A900EBE027F8C6EE007EC123 /* ResortDetailsView.swift */ = {isa = PBXFileReference; lastKnownFileType = sourcecode.swift; path = ResortDetailsView.swift; sourceTree = "<group>"; };
		A92F1EDA27FA0F1C009AE811 /* Facility.swift */ = {isa = PBXFileReference; lastKnownFileType = sourcecode.swift; path = Facility.swift; sourceTree = "<group>"; };
		A92F1EDC27FA141D009AE811 /* Favorites.swift */ = {isa = PBXFileReference; lastKnownFileType = sourcecode.swift; path = Favorites.swift; sourceTree = "<group>"; };
		A9853EA627F6E6FD00EFBFDE /* SnowSeeker.app */ = {isa = PBXFileReference; explicitFileType = wrapper.application; includeInIndex = 0; path = SnowSeeker.app; sourceTree = BUILT_PRODUCTS_DIR; };
		A9853EA927F6E6FD00EFBFDE /* SnowSeekerApp.swift */ = {isa = PBXFileReference; lastKnownFileType = sourcecode.swift; path = SnowSeekerApp.swift; sourceTree = "<group>"; };
		A9853EAB27F6E6FD00EFBFDE /* ContentView.swift */ = {isa = PBXFileReference; lastKnownFileType = sourcecode.swift; path = ContentView.swift; sourceTree = "<group>"; };
		A9853EAD27F6E6FE00EFBFDE /* Assets.xcassets */ = {isa = PBXFileReference; lastKnownFileType = folder.assetcatalog; path = Assets.xcassets; sourceTree = "<group>"; };
		A9853EB027F6E6FE00EFBFDE /* Preview Assets.xcassets */ = {isa = PBXFileReference; lastKnownFileType = folder.assetcatalog; path = "Preview Assets.xcassets"; sourceTree = "<group>"; };
/* End PBXFileReference section */

/* Begin PBXFrameworksBuildPhase section */
		A9853EA327F6E6FD00EFBFDE /* Frameworks */ = {
			isa = PBXFrameworksBuildPhase;
			buildActionMask = 2147483647;
			files = (
			);
			runOnlyForDeploymentPostprocessing = 0;
		};
/* End PBXFrameworksBuildPhase section */

/* Begin PBXGroup section */
		A9853E9D27F6E6FD00EFBFDE = {
			isa = PBXGroup;
			children = (
				A9853EA827F6E6FD00EFBFDE /* SnowSeeker */,
				A9853EA727F6E6FD00EFBFDE /* Products */,
			);
			sourceTree = "<group>";
		};
		A9853EA727F6E6FD00EFBFDE /* Products */ = {
			isa = PBXGroup;
			children = (
				A9853EA627F6E6FD00EFBFDE /* SnowSeeker.app */,
			);
			name = Products;
			sourceTree = "<group>";
		};
		A9853EA827F6E6FD00EFBFDE /* SnowSeeker */ = {
			isa = PBXGroup;
			children = (
				A9853EA927F6E6FD00EFBFDE /* SnowSeekerApp.swift */,
				A9853EAB27F6E6FD00EFBFDE /* ContentView.swift */,
				A900EBDA27F8C03D007EC123 /* WelcomeView.swift */,
				A900EBD227F8B4AF007EC123 /* resorts.json */,
				A900EBDC27F8C313007EC123 /* ResortView.swift */,
				A92F1EDC27FA141D009AE811 /* Favorites.swift */,
				A92F1EDA27FA0F1C009AE811 /* Facility.swift */,
				A900EBD427F8B58F007EC123 /* Resort.swift */,
				A900EBD627F8B691007EC123 /* Bundle-Decodable.swift */,
				A900EBDE27F8C524007EC123 /* SkuDetailView.swift */,
				A900EBE027F8C6EE007EC123 /* ResortDetailsView.swift */,
				A9853EAD27F6E6FE00EFBFDE /* Assets.xcassets */,
				A9853EAF27F6E6FE00EFBFDE /* Preview Content */,
			);
			path = SnowSeeker;
			sourceTree = "<group>";
		};
		A9853EAF27F6E6FE00EFBFDE /* Preview Content */ = {
			isa = PBXGroup;
			children = (
				A9853EB027F6E6FE00EFBFDE /* Preview Assets.xcassets */,
			);
			path = "Preview Content";
			sourceTree = "<group>";
		};
/* End PBXGroup section */

/* Begin PBXNativeTarget section */
		A9853EA527F6E6FD00EFBFDE /* SnowSeeker */ = {
			isa = PBXNativeTarget;
			buildConfigurationList = A9853EB427F6E6FE00EFBFDE /* Build configuration list for PBXNativeTarget "SnowSeeker" */;
			buildPhases = (
				A9853EA227F6E6FD00EFBFDE /* Sources */,
				A9853EA327F6E6FD00EFBFDE /* Frameworks */,
				A9853EA427F6E6FD00EFBFDE /* Resources */,
			);
			buildRules = (
			);
			dependencies = (
			);
			name = SnowSeeker;
			productName = SnowSeeker;
			productReference = A9853EA627F6E6FD00EFBFDE /* SnowSeeker.app */;
			productType = "com.apple.product-type.application";
		};
/* End PBXNativeTarget section */

/* Begin PBXProject section */
		A9853E9E27F6E6FD00EFBFDE /* Project object */ = {
			isa = PBXProject;
			attributes = {
				BuildIndependentTargetsInParallel = 1;
				LastSwiftUpdateCheck = 1330;
				LastUpgradeCheck = 1330;
				TargetAttributes = {
					A9853EA527F6E6FD00EFBFDE = {
						CreatedOnToolsVersion = 13.3;
					};
				};
			};
			buildConfigurationList = A9853EA127F6E6FD00EFBFDE /* Build configuration list for PBXProject "SnowSeeker" */;
			compatibilityVersion = "Xcode 13.0";
			developmentRegion = en;
			hasScannedForEncodings = 0;
			knownRegions = (
				en,
				Base,
			);
			mainGroup = A9853E9D27F6E6FD00EFBFDE;
			productRefGroup = A9853EA727F6E6FD00EFBFDE /* Products */;
			projectDirPath = "";
			projectRoot = "";
			targets = (
				A9853EA527F6E6FD00EFBFDE /* SnowSeeker */,
			);
		};
/* End PBXProject section */

/* Begin PBXResourcesBuildPhase section */
		A9853EA427F6E6FD00EFBFDE /* Resources */ = {
			isa = PBXResourcesBuildPhase;
			buildActionMask = 2147483647;
			files = (
				A900EBD327F8B4AF007EC123 /* resorts.json in Resources */,
				A9853EB127F6E6FE00EFBFDE /* Preview Assets.xcassets in Resources */,
				A9853EAE27F6E6FE00EFBFDE /* Assets.xcassets in Resources */,
			);
			runOnlyForDeploymentPostprocessing = 0;
		};
/* End PBXResourcesBuildPhase section */

/* Begin PBXSourcesBuildPhase section */
		A9853EA227F6E6FD00EFBFDE /* Sources */ = {
			isa = PBXSourcesBuildPhase;
			buildActionMask = 2147483647;
			files = (
				A900EBDB27F8C03D007EC123 /* WelcomeView.swift in Sources */,
				A9853EAC27F6E6FD00EFBFDE /* ContentView.swift in Sources */,
				A900EBE127F8C6EE007EC123 /* ResortDetailsView.swift in Sources */,
				A92F1EDD27FA141D009AE811 /* Favorites.swift in Sources */,
				A92F1EDB27FA0F1C009AE811 /* Facility.swift in Sources */,
				A900EBD527F8B58F007EC123 /* Resort.swift in Sources */,
				A900EBDD27F8C313007EC123 /* ResortView.swift in Sources */,
				A900EBDF27F8C524007EC123 /* SkuDetailView.swift in Sources */,
				A9853EAA27F6E6FD00EFBFDE /* SnowSeekerApp.swift in Sources */,
				A900EBD727F8B691007EC123 /* Bundle-Decodable.swift in Sources */,
			);
			runOnlyForDeploymentPostprocessing = 0;
		};
/* End PBXSourcesBuildPhase section */

/* Begin XCBuildConfiguration section */
		A9853EB227F6E6FE00EFBFDE /* Debug */ = {
			isa = XCBuildConfiguration;
			buildSettings = {
				ALWAYS_SEARCH_USER_PATHS = NO;
				CLANG_ANALYZER_NONNULL = YES;
				CLANG_ANALYZER_NUMBER_OBJECT_CONVERSION = YES_AGGRESSIVE;
				CLANG_CXX_LANGUAGE_STANDARD = "gnu++17";
				CLANG_ENABLE_MODULES = YES;
				CLANG_ENABLE_OBJC_ARC = YES;
				CLANG_ENABLE_OBJC_WEAK = YES;
				CLANG_WARN_BLOCK_CAPTURE_AUTORELEASING = YES;
				CLANG_WARN_BOOL_CONVERSION = YES;
				CLANG_WARN_COMMA = YES;
				CLANG_WARN_CONSTANT_CONVERSION = YES;
				CLANG_WARN_DEPRECATED_OBJC_IMPLEMENTATIONS = YES;
				CLANG_WARN_DIRECT_OBJC_ISA_USAGE = YES_ERROR;
				CLANG_WARN_DOCUMENTATION_COMMENTS = YES;
				CLANG_WARN_EMPTY_BODY = YES;
				CLANG_WARN_ENUM_CONVERSION = YES;
				CLANG_WARN_INFINITE_RECURSION = YES;
				CLANG_WARN_INT_CONVERSION = YES;
				CLANG_WARN_NON_LITERAL_NULL_CONVERSION = YES;
				CLANG_WARN_OBJC_IMPLICIT_RETAIN_SELF = YES;
				CLANG_WARN_OBJC_LITERAL_CONVERSION = YES;
				CLANG_WARN_OBJC_ROOT_CLASS = YES_ERROR;
				CLANG_WARN_QUOTED_INCLUDE_IN_FRAMEWORK_HEADER = YES;
				CLANG_WARN_RANGE_LOOP_ANALYSIS = YES;
				CLANG_WARN_STRICT_PROTOTYPES = YES;
				CLANG_WARN_SUSPICIOUS_MOVE = YES;
				CLANG_WARN_UNGUARDED_AVAILABILITY = YES_AGGRESSIVE;
				CLANG_WARN_UNREACHABLE_CODE = YES;
				CLANG_WARN__DUPLICATE_METHOD_MATCH = YES;
				COPY_PHASE_STRIP = NO;
				DEBUG_INFORMATION_FORMAT = dwarf;
				ENABLE_STRICT_OBJC_MSGSEND = YES;
				ENABLE_TESTABILITY = YES;
				GCC_C_LANGUAGE_STANDARD = gnu11;
				GCC_DYNAMIC_NO_PIC = NO;
				GCC_NO_COMMON_BLOCKS = YES;
				GCC_OPTIMIZATION_LEVEL = 0;
				GCC_PREPROCESSOR_DEFINITIONS = (
					"DEBUG=1",
					"$(inherited)",
				);
				GCC_WARN_64_TO_32_BIT_CONVERSION = YES;
				GCC_WARN_ABOUT_RETURN_TYPE = YES_ERROR;
				GCC_WARN_UNDECLARED_SELECTOR = YES;
				GCC_WARN_UNINITIALIZED_AUTOS = YES_AGGRESSIVE;
				GCC_WARN_UNUSED_FUNCTION = YES;
				GCC_WARN_UNUSED_VARIABLE = YES;
				IPHONEOS_DEPLOYMENT_TARGET = 15.4;
				MTL_ENABLE_DEBUG_INFO = INCLUDE_SOURCE;
				MTL_FAST_MATH = YES;
				ONLY_ACTIVE_ARCH = YES;
				SDKROOT = iphoneos;
				SWIFT_ACTIVE_COMPILATION_CONDITIONS = DEBUG;
				SWIFT_OPTIMIZATION_LEVEL = "-Onone";
			};
			name = Debug;
		};
		A9853EB327F6E6FE00EFBFDE /* Release */ = {
			isa = XCBuildConfiguration;
			buildSettings = {
				ALWAYS_SEARCH_USER_PATHS = NO;
				CLANG_ANALYZER_NONNULL = YES;
				CLANG_ANALYZER_NUMBER_OBJECT_CONVERSION = YES_AGGRESSIVE;
				CLANG_CXX_LANGUAGE_STANDARD = "gnu++17";
				CLANG_ENABLE_MODULES = YES;
				CLANG_ENABLE_OBJC_ARC = YES;
				CLANG_ENABLE_OBJC_WEAK = YES;
				CLANG_WARN_BLOCK_CAPTURE_AUTORELEASING = YES;
				CLANG_WARN_BOOL_CONVERSION = YES;
				CLANG_WARN_COMMA = YES;
				CLANG_WARN_CONSTANT_CONVERSION = YES;
				CLANG_WARN_DEPRECATED_OBJC_IMPLEMENTATIONS = YES;
				CLANG_WARN_DIRECT_OBJC_ISA_USAGE = YES_ERROR;
				CLANG_WARN_DOCUMENTATION_COMMENTS = YES;
				CLANG_WARN_EMPTY_BODY = YES;
				CLANG_WARN_ENUM_CONVERSION = YES;
				CLANG_WARN_INFINITE_RECURSION = YES;
				CLANG_WARN_INT_CONVERSION = YES;
				CLANG_WARN_NON_LITERAL_NULL_CONVERSION = YES;
				CLANG_WARN_OBJC_IMPLICIT_RETAIN_SELF = YES;
				CLANG_WARN_OBJC_LITERAL_CONVERSION = YES;
				CLANG_WARN_OBJC_ROOT_CLASS = YES_ERROR;
				CLANG_WARN_QUOTED_INCLUDE_IN_FRAMEWORK_HEADER = YES;
				CLANG_WARN_RANGE_LOOP_ANALYSIS = YES;
				CLANG_WARN_STRICT_PROTOTYPES = YES;
				CLANG_WARN_SUSPICIOUS_MOVE = YES;
				CLANG_WARN_UNGUARDED_AVAILABILITY = YES_AGGRESSIVE;
				CLANG_WARN_UNREACHABLE_CODE = YES;
				CLANG_WARN__DUPLICATE_METHOD_MATCH = YES;
				COPY_PHASE_STRIP = NO;
				DEBUG_INFORMATION_FORMAT = "dwarf-with-dsym";
				ENABLE_NS_ASSERTIONS = NO;
				ENABLE_STRICT_OBJC_MSGSEND = YES;
				GCC_C_LANGUAGE_STANDARD = gnu11;
				GCC_NO_COMMON_BLOCKS = YES;
				GCC_WARN_64_TO_32_BIT_CONVERSION = YES;
				GCC_WARN_ABOUT_RETURN_TYPE = YES_ERROR;
				GCC_WARN_UNDECLARED_SELECTOR = YES;
				GCC_WARN_UNINITIALIZED_AUTOS = YES_AGGRESSIVE;
				GCC_WARN_UNUSED_FUNCTION = YES;
				GCC_WARN_UNUSED_VARIABLE = YES;
				IPHONEOS_DEPLOYMENT_TARGET = 15.4;
				MTL_ENABLE_DEBUG_INFO = NO;
				MTL_FAST_MATH = YES;
				SDKROOT = iphoneos;
				SWIFT_COMPILATION_MODE = wholemodule;
				SWIFT_OPTIMIZATION_LEVEL = "-O";
				VALIDATE_PRODUCT = YES;
			};
			name = Release;
		};
		A9853EB527F6E6FE00EFBFDE /* Debug */ = {
			isa = XCBuildConfiguration;
			buildSettings = {
				ASSETCATALOG_COMPILER_APPICON_NAME = AppIcon;
				ASSETCATALOG_COMPILER_GLOBAL_ACCENT_COLOR_NAME = AccentColor;
				CODE_SIGN_STYLE = Automatic;
				CURRENT_PROJECT_VERSION = 1;
				DEVELOPMENT_ASSET_PATHS = "\"SnowSeeker/Preview Content\"";
				DEVELOPMENT_TEAM = 3BCV7Q9YUA;
				ENABLE_PREVIEWS = YES;
				GENERATE_INFOPLIST_FILE = YES;
				INFOPLIST_KEY_UIApplicationSceneManifest_Generation = YES;
				INFOPLIST_KEY_UIApplicationSupportsIndirectInputEvents = YES;
				INFOPLIST_KEY_UILaunchScreen_Generation = YES;
				INFOPLIST_KEY_UISupportedInterfaceOrientations_iPad = "UIInterfaceOrientationPortrait UIInterfaceOrientationPortraitUpsideDown UIInterfaceOrientationLandscapeLeft UIInterfaceOrientationLandscapeRight";
				INFOPLIST_KEY_UISupportedInterfaceOrientations_iPhone = "UIInterfaceOrientationPortrait UIInterfaceOrientationLandscapeLeft UIInterfaceOrientationLandscapeRight";
				LD_RUNPATH_SEARCH_PATHS = (
					"$(inherited)",
					"@executable_path/Frameworks",
				);
				MARKETING_VERSION = 1.0;
				PRODUCT_BUNDLE_IDENTIFIER = com.bitnoori.SnowSeeker;
				PRODUCT_NAME = "$(TARGET_NAME)";
				SWIFT_EMIT_LOC_STRINGS = YES;
				SWIFT_VERSION = 5.0;
				TARGETED_DEVICE_FAMILY = "1,2";
			};
			name = Debug;
		};
		A9853EB627F6E6FE00EFBFDE /* Release */ = {
			isa = XCBuildConfiguration;
			buildSettings = {
				ASSETCATALOG_COMPILER_APPICON_NAME = AppIcon;
				ASSETCATALOG_COMPILER_GLOBAL_ACCENT_COLOR_NAME = AccentColor;
				CODE_SIGN_STYLE = Automatic;
				CURRENT_PROJECT_VERSION = 1;
				DEVELOPMENT_ASSET_PATHS = "\"SnowSeeker/Preview Content\"";
				DEVELOPMENT_TEAM = 3BCV7Q9YUA;
				ENABLE_PREVIEWS = YES;
				GENERATE_INFOPLIST_FILE = YES;
				INFOPLIST_KEY_UIApplicationSceneManifest_Generation = YES;
				INFOPLIST_KEY_UIApplicationSupportsIndirectInputEvents = YES;
				INFOPLIST_KEY_UILaunchScreen_Generation = YES;
				INFOPLIST_KEY_UISupportedInterfaceOrientations_iPad = "UIInterfaceOrientationPortrait UIInterfaceOrientationPortraitUpsideDown UIInterfaceOrientationLandscapeLeft UIInterfaceOrientationLandscapeRight";
				INFOPLIST_KEY_UISupportedInterfaceOrientations_iPhone = "UIInterfaceOrientationPortrait UIInterfaceOrientationLandscapeLeft UIInterfaceOrientationLandscapeRight";
				LD_RUNPATH_SEARCH_PATHS = (
					"$(inherited)",
					"@executable_path/Frameworks",
				);
				MARKETING_VERSION = 1.0;
				PRODUCT_BUNDLE_IDENTIFIER = com.bitnoori.SnowSeeker;
				PRODUCT_NAME = "$(TARGET_NAME)";
				SWIFT_EMIT_LOC_STRINGS = YES;
				SWIFT_VERSION = 5.0;
				TARGETED_DEVICE_FAMILY = "1,2";
			};
			name = Release;
		};
/* End XCBuildConfiguration section */

/* Begin XCConfigurationList section */
		A9853EA127F6E6FD00EFBFDE /* Build configuration list for PBXProject "SnowSeeker" */ = {
			isa = XCConfigurationList;
			buildConfigurations = (
				A9853EB227F6E6FE00EFBFDE /* Debug */,
				A9853EB327F6E6FE00EFBFDE /* Release */,
			);
			defaultConfigurationIsVisible = 0;
			defaultConfigurationName = Release;
		};
		A9853EB427F6E6FE00EFBFDE /* Build configuration list for PBXNativeTarget "SnowSeeker" */ = {
			isa = XCConfigurationList;
			buildConfigurations = (
				A9853EB527F6E6FE00EFBFDE /* Debug */,
				A9853EB627F6E6FE00EFBFDE /* Release */,
			);
			defaultConfigurationIsVisible = 0;
			defaultConfigurationName = Release;
		};
/* End XCConfigurationList section */
	};
	rootObject = A9853E9E27F6E6FD00EFBFDE /* Project object */;
}
